github.com/Lemo-yxk/tire v0.0.0-20190924080400-ca6e4a17ec7e h1:Cx9axMeUFS4pEseq3SVk5JZc470MttVh4lguElEx0X4=
github.com/Lemo-yxk/tire v0.0.0-20190924080400-ca6e4a17ec7e/go.mod h1:7gK7eQqHZfYtaL7mOy6VwngkpYT7kS3kQz07A/vwC40=
github.com/Lemo-yxk/ws v0.0.0-20190925113501-e77abfbb1d9a h1:BGfZjoKdrR3FGtndjPIZS71xMPTwHQ2qdnBJcHOX6d8=
github.com/Lemo-yxk/ws v0.0.0-20190925113501-e77abfbb1d9a/go.mod h1:MaPIOwfPWDd+dngUTdx92e6frqtPRoGBZvPbR8msDnc=
github.com/gorilla/websocket v1.4.0 h1:WDFjx/TMzVgy9VdMMQi2K2Emtwi2QcUQsztZ/zLaH/Q=
github.com/gorilla/websocket v1.4.0/go.mod h1:E7qHFY5m1UJ88s3WnNqhKjPHQ0heANvMoAMk2YaljkQ=
github.com/tidwall/gjson v1.2.1 h1:j0efZLrZUvNerEf6xqoi0NjWMK5YlLrR7Guo/dxY174=
github.com/tidwall/gjson v1.2.1/go.mod h1:c/nTNbUr0E0OrXEhq1pwa8iEgc2DOt4ZZqAt1HtCkPA=
github.com/tidwall/match v1.0.1 h1:PnKP62LPNxHKTwvHHZZzdOAOCtsJTjo6dZLCwpKm5xc=
github.com/tidwall/match v1.0.1/go.mod h1:LujAq0jyVjBy028G1WhWfIzbpQfMO8bBZ6Tyb0+pL9E=
github.com/tidwall/pretty v1.0.0 h1:HsD+QiTn7sK6flMKIvNmpqz1qrpP3Ps6jOKIKMooyg4=
github.com/tidwall/pretty v1.0.0/go.mod h1:XNkn88O1ChpSDQmQeStsy+sBenx6DDtFZJxhVysOjyk=
